
Microsoft Visual Studio Solution File, Format Version 12.00
# Visual Studio Version 17
VisualStudioVersion = 17.14.36511.14 d17.14
MinimumVisualStudioVersion = 10.0.40219.1
Project("{FAE04EC0-301F-11D3-BF4B-00C04F79EFBC}") = "NewAfrica", "NewAfrica\NewAfrica.csproj", "{9825E08C-1F7B-41B3-ABD6-7D0262248980}"
EndProject
Project("{FAE04EC0-301F-11D3-BF4B-00C04F79EFBC}") = "NewAfrica.Tests", "NewAfrica.Tests\NewAfrica.Tests.csproj", "{559327B2-6375-4A7C-B6B2-E86439615710}"
EndProject
Global
	GlobalSection(SolutionConfigurationPlatforms) = preSolution
		Debug|Any CPU = Debug|Any CPU
		Release|Any CPU = Release|Any CPU
	EndGlobalSection
	GlobalSection(ProjectConfigurationPlatforms) = postSolution
		{9825E08C-1F7B-41B3-ABD6-7D0262248980}.Debug|Any CPU.ActiveCfg = Debug|Any CPU
		{9825E08C-1F7B-41B3-ABD6-7D0262248980}.Debug|Any CPU.Build.0 = Debug|Any CPU
		{9825E08C-1F7B-41B3-ABD6-7D0262248980}.Release|Any CPU.ActiveCfg = Release|Any CPU
		{9825E08C-1F7B-41B3-ABD6-7D0262248980}.Release|Any CPU.Build.0 = Release|Any CPU
		{559327B2-6375-4A7C-B6B2-E86439615710}.Debug|Any CPU.ActiveCfg = Debug|Any CPU
		{559327B2-6375-4A7C-B6B2-E86439615710}.Debug|Any CPU.Build.0 = Debug|Any CPU
		{559327B2-6375-4A7C-B6B2-E86439615710}.Release|Any CPU.ActiveCfg = Release|Any CPU
		{559327B2-6375-4A7C-B6B2-E86439615710}.Release|Any CPU.Build.0 = Release|Any CPU
	EndGlobalSection
	GlobalSection(SolutionProperties) = preSolution
		HideSolutionNode = FALSE
	EndGlobalSection
	GlobalSection(ExtensibilityGlobals) = postSolution
		SolutionGuid = {7FB8746C-8D9D-4AC1-B6AC-F3C373531010}
	EndGlobalSection
EndGlobal
